// !$*UTF8*$!
{
	archiveVersion = 1;
	classes = {
	};
	objectVersion = 51;
	objects = {

/* Begin PBXBuildFile section */
		0413E3AA263051C300F5977D /* ArtistModel.swift in Sources */ = {isa = PBXBuildFile; fileRef = 0413E3A9263051C300F5977D /* ArtistModel.swift */; };
		0413E3AD2630536E00F5977D /* ArtistViewModel.swift in Sources */ = {isa = PBXBuildFile; fileRef = 0413E3AC2630536E00F5977D /* ArtistViewModel.swift */; };
		0413E3F526307C6200F5977D /* BlogsVc.swift in Sources */ = {isa = PBXBuildFile; fileRef = 0413E3F326307C6200F5977D /* BlogsVc.swift */; };
		0413E3F626307C6200F5977D /* BlogsVc.xib in Resources */ = {isa = PBXBuildFile; fileRef = 0413E3F426307C6200F5977D /* BlogsVc.xib */; };
		0413E40126307D3700F5977D /* VideosVC.swift in Sources */ = {isa = PBXBuildFile; fileRef = 0413E3FF26307D3700F5977D /* VideosVC.swift */; };
		0413E40226307D3700F5977D /* VideosVC.xib in Resources */ = {isa = PBXBuildFile; fileRef = 0413E40026307D3700F5977D /* VideosVC.xib */; };
		0413E40726307D7300F5977D /* ProjectsVC.swift in Sources */ = {isa = PBXBuildFile; fileRef = 0413E40526307D7300F5977D /* ProjectsVC.swift */; };
		0413E40826307D7300F5977D /* ProjectsVC.xib in Resources */ = {isa = PBXBuildFile; fileRef = 0413E40626307D7300F5977D /* ProjectsVC.xib */; };
		0413E40D26307DC600F5977D /* ProductsVC.swift in Sources */ = {isa = PBXBuildFile; fileRef = 0413E40B26307DC600F5977D /* ProductsVC.swift */; };
		0413E40E26307DC600F5977D /* ProductsVC.xib in Resources */ = {isa = PBXBuildFile; fileRef = 0413E40C26307DC600F5977D /* ProductsVC.xib */; };
		0413E41326307F5E00F5977D /* HomeVc.swift in Sources */ = {isa = PBXBuildFile; fileRef = 0413E41226307F5E00F5977D /* HomeVc.swift */; };
		0413E4182630879700F5977D /* ArtistsVc.swift in Sources */ = {isa = PBXBuildFile; fileRef = 0413E4162630879700F5977D /* ArtistsVc.swift */; };
		0413E4192630879700F5977D /* ArtistsVc.xib in Resources */ = {isa = PBXBuildFile; fileRef = 0413E4172630879700F5977D /* ArtistsVc.xib */; };
		041427FF26174D76000394CA /* NotificationVc.swift in Sources */ = {isa = PBXBuildFile; fileRef = 041427FE26174D76000394CA /* NotificationVc.swift */; };
		0414280226174D8A000394CA /* SearchVc.swift in Sources */ = {isa = PBXBuildFile; fileRef = 0414280126174D8A000394CA /* SearchVc.swift */; };
		0414280526174D9D000394CA /* ProfileVc.swift in Sources */ = {isa = PBXBuildFile; fileRef = 0414280426174D9D000394CA /* ProfileVc.swift */; };
		0414282D26176074000394CA /* HomeCell.swift in Sources */ = {isa = PBXBuildFile; fileRef = 0414282B26176074000394CA /* HomeCell.swift */; };
		0414282E26176074000394CA /* HomeCell.xib in Resources */ = {isa = PBXBuildFile; fileRef = 0414282C26176074000394CA /* HomeCell.xib */; };
		0414286526176BCD000394CA /* HomeViewModel.swift in Sources */ = {isa = PBXBuildFile; fileRef = 0414286426176BCD000394CA /* HomeViewModel.swift */; };
		0414287726177E69000394CA /* LiveCellCVC.swift in Sources */ = {isa = PBXBuildFile; fileRef = 0414287526177E69000394CA /* LiveCellCVC.swift */; };
		0414287826177E69000394CA /* LiveCellCVC.xib in Resources */ = {isa = PBXBuildFile; fileRef = 0414287626177E69000394CA /* LiveCellCVC.xib */; };
		042C080E26136B6E00BE1806 /* CustomButtons.swift in Sources */ = {isa = PBXBuildFile; fileRef = 042C080D26136B6E00BE1806 /* CustomButtons.swift */; };
		042C081126136B9700BE1806 /* CustomDropDown.swift in Sources */ = {isa = PBXBuildFile; fileRef = 042C081026136B9700BE1806 /* CustomDropDown.swift */; };
		042C082A2613943900BE1806 /* LoadingLoginVc.swift in Sources */ = {isa = PBXBuildFile; fileRef = 042C08292613943900BE1806 /* LoadingLoginVc.swift */; };
		043B47D5261DB5B500D67023 /* ForYouCell.swift in Sources */ = {isa = PBXBuildFile; fileRef = 043B47D3261DB5B500D67023 /* ForYouCell.swift */; };
		043B47D6261DB5B500D67023 /* ForYouCell.xib in Resources */ = {isa = PBXBuildFile; fileRef = 043B47D4261DB5B500D67023 /* ForYouCell.xib */; };
		0440ECA82636C7C60046681C /* CompetitionCell.swift in Sources */ = {isa = PBXBuildFile; fileRef = 0440ECA62636C7C60046681C /* CompetitionCell.swift */; };
		0440ECA92636C7C60046681C /* CompetitionCell.xib in Resources */ = {isa = PBXBuildFile; fileRef = 0440ECA72636C7C60046681C /* CompetitionCell.xib */; };
		0449A6F3262EF9E100604052 /* Authentication.storyboard in Resources */ = {isa = PBXBuildFile; fileRef = 0449A6F2262EF9E100604052 /* Authentication.storyboard */; };
		0449A72C262EFE1800604052 /* Home.storyboard in Resources */ = {isa = PBXBuildFile; fileRef = 0449A72B262EFE1800604052 /* Home.storyboard */; };
		0449A72F262F396400604052 /* Artist.storyboard in Resources */ = {isa = PBXBuildFile; fileRef = 0449A72E262F396400604052 /* Artist.storyboard */; };
		0449A733262F39C800604052 /* ArtistProfileVc.swift in Sources */ = {isa = PBXBuildFile; fileRef = 0449A732262F39C800604052 /* ArtistProfileVc.swift */; };
		0449A736262F477700604052 /* ArtistProjectsVc.swift in Sources */ = {isa = PBXBuildFile; fileRef = 0449A735262F477700604052 /* ArtistProjectsVc.swift */; };
		0449A73A262F939300604052 /* String+Extention.swift in Sources */ = {isa = PBXBuildFile; fileRef = 0449A739262F939300604052 /* String+Extention.swift */; };
		0451B7632627041F000B3983 /* ProjectsModel.swift in Sources */ = {isa = PBXBuildFile; fileRef = 0451B7622627041F000B3983 /* ProjectsModel.swift */; };
		0451B7A9262716E8000B3983 /* ShimmerView.swift in Sources */ = {isa = PBXBuildFile; fileRef = 0451B7A8262716E8000B3983 /* ShimmerView.swift */; };
		0451FD642617A5B600AEE546 /* TitleCell.swift in Sources */ = {isa = PBXBuildFile; fileRef = 0451FD622617A5B500AEE546 /* TitleCell.swift */; };
		0451FD652617A5B600AEE546 /* TitleCell.xib in Resources */ = {isa = PBXBuildFile; fileRef = 0451FD632617A5B500AEE546 /* TitleCell.xib */; };
		0451FD8C2617A5D300AEE546 /* ProjectCell.swift in Sources */ = {isa = PBXBuildFile; fileRef = 0451FD8A2617A5D300AEE546 /* ProjectCell.swift */; };
		0451FD8D2617A5D300AEE546 /* ProjectCell.xib in Resources */ = {isa = PBXBuildFile; fileRef = 0451FD8B2617A5D300AEE546 /* ProjectCell.xib */; };
		04528E2C26149443009868EA /* ConfigUrls.swift in Sources */ = {isa = PBXBuildFile; fileRef = 04528E2B26149443009868EA /* ConfigUrls.swift */; };
		04528E2F26149496009868EA /* Helper.swift in Sources */ = {isa = PBXBuildFile; fileRef = 04528E2E26149496009868EA /* Helper.swift */; };
		04528E3226149579009868EA /* AuthenticationViewModel.swift in Sources */ = {isa = PBXBuildFile; fileRef = 04528E3126149579009868EA /* AuthenticationViewModel.swift */; };
		04528E35261495D0009868EA /* LocalizationTitles.swift in Sources */ = {isa = PBXBuildFile; fileRef = 04528E34261495D0009868EA /* LocalizationTitles.swift */; };
		04528E3D26149903009868EA /* EmailVc.swift in Sources */ = {isa = PBXBuildFile; fileRef = 04528E3B26149903009868EA /* EmailVc.swift */; };
		04528E3E26149903009868EA /* EmailVc.xib in Resources */ = {isa = PBXBuildFile; fileRef = 04528E3C26149903009868EA /* EmailVc.xib */; };
		04528E4326149915009868EA /* PasswordVc.swift in Sources */ = {isa = PBXBuildFile; fileRef = 04528E4126149915009868EA /* PasswordVc.swift */; };
		04528E4426149915009868EA /* PasswordVc.xib in Resources */ = {isa = PBXBuildFile; fileRef = 04528E4226149915009868EA /* PasswordVc.xib */; };
		04528E472614A1FD009868EA /* CustomTextField.swift in Sources */ = {isa = PBXBuildFile; fileRef = 04528E462614A1FD009868EA /* CustomTextField.swift */; };
		04528E4B2614B54B009868EA /* CreatPasswordVc.swift in Sources */ = {isa = PBXBuildFile; fileRef = 04528E492614B54B009868EA /* CreatPasswordVc.swift */; };
		04528E4C2614B54B009868EA /* CreatPasswordVc.xib in Resources */ = {isa = PBXBuildFile; fileRef = 04528E4A2614B54B009868EA /* CreatPasswordVc.xib */; };
		04528E552614B586009868EA /* NameVc.swift in Sources */ = {isa = PBXBuildFile; fileRef = 04528E532614B586009868EA /* NameVc.swift */; };
		04528E562614B586009868EA /* NameVc.xib in Resources */ = {isa = PBXBuildFile; fileRef = 04528E542614B586009868EA /* NameVc.xib */; };
		04528E5B2614B5AE009868EA /* CountryVc.swift in Sources */ = {isa = PBXBuildFile; fileRef = 04528E592614B5AE009868EA /* CountryVc.swift */; };
		04528E5C2614B5AE009868EA /* CountryVc.xib in Resources */ = {isa = PBXBuildFile; fileRef = 04528E5A2614B5AE009868EA /* CountryVc.xib */; };
		0460CF45261CEC27006685B6 /* ArtistCell.swift in Sources */ = {isa = PBXBuildFile; fileRef = 0460CF43261CEC27006685B6 /* ArtistCell.swift */; };
		0460CF46261CEC27006685B6 /* ArtistCell.xib in Resources */ = {isa = PBXBuildFile; fileRef = 0460CF44261CEC27006685B6 /* ArtistCell.xib */; };
		0460CF6E261D04DD006685B6 /* SplashModel.swift in Sources */ = {isa = PBXBuildFile; fileRef = 0460CF6D261D04DD006685B6 /* SplashModel.swift */; };
		0466871D261B3C32001D024D /* WelcomVc.swift in Sources */ = {isa = PBXBuildFile; fileRef = 0466871B261B3C32001D024D /* WelcomVc.swift */; };
		0466871E261B3C32001D024D /* WelcomVc.xib in Resources */ = {isa = PBXBuildFile; fileRef = 0466871C261B3C32001D024D /* WelcomVc.xib */; };
		04668724261B3F89001D024D /* WelcomeCell.swift in Sources */ = {isa = PBXBuildFile; fileRef = 04668722261B3F89001D024D /* WelcomeCell.swift */; };
		04668725261B3F89001D024D /* WelcomeCell.xib in Resources */ = {isa = PBXBuildFile; fileRef = 04668723261B3F89001D024D /* WelcomeCell.xib */; };
		04668728261B447B001D024D /* AdsViewModel.swift in Sources */ = {isa = PBXBuildFile; fileRef = 04668727261B447B001D024D /* AdsViewModel.swift */; };
		0466872B261B5B1C001D024D /* UICollectionView+Extention.swift in Sources */ = {isa = PBXBuildFile; fileRef = 0466872A261B5B1C001D024D /* UICollectionView+Extention.swift */; };
		04688788261E0E170056AC92 /* VerificationVc.swift in Sources */ = {isa = PBXBuildFile; fileRef = 04688786261E0E170056AC92 /* VerificationVc.swift */; };
		04688789261E0E170056AC92 /* VerificationVc.xib in Resources */ = {isa = PBXBuildFile; fileRef = 04688787261E0E170056AC92 /* VerificationVc.xib */; };
		046887BE261E77970056AC92 /* ShowesCell.swift in Sources */ = {isa = PBXBuildFile; fileRef = 046887BC261E77970056AC92 /* ShowesCell.swift */; };
		046887BF261E77970056AC92 /* ShowesCell.xib in Resources */ = {isa = PBXBuildFile; fileRef = 046887BD261E77970056AC92 /* ShowesCell.xib */; };
		0488CCE9261213E000E05BEB /* AppDelegate.swift in Sources */ = {isa = PBXBuildFile; fileRef = 0488CCE8261213E000E05BEB /* AppDelegate.swift */; };
		0488CCF0261213E000E05BEB /* Main.storyboard in Resources */ = {isa = PBXBuildFile; fileRef = 0488CCEE261213E000E05BEB /* Main.storyboard */; };
		0488CCF2261213E400E05BEB /* Assets.xcassets in Resources */ = {isa = PBXBuildFile; fileRef = 0488CCF1261213E400E05BEB /* Assets.xcassets */; };
		0488CCF5261213E400E05BEB /* LaunchScreen.storyboard in Resources */ = {isa = PBXBuildFile; fileRef = 0488CCF3261213E400E05BEB /* LaunchScreen.storyboard */; };
		04911C69261C9A2900705A58 /* SuggestedCell.swift in Sources */ = {isa = PBXBuildFile; fileRef = 04911C67261C9A2900705A58 /* SuggestedCell.swift */; };
		04911C6A261C9A2900705A58 /* SuggestedCell.xib in Resources */ = {isa = PBXBuildFile; fileRef = 04911C68261C9A2900705A58 /* SuggestedCell.xib */; };
		04AD60B3262866E500ADF0DF /* ProjectDetailsVC.swift in Sources */ = {isa = PBXBuildFile; fileRef = 04AD60B1262866E500ADF0DF /* ProjectDetailsVC.swift */; };
		04AD60B4262866E500ADF0DF /* ProjectDetailsVC.xib in Resources */ = {isa = PBXBuildFile; fileRef = 04AD60B2262866E500ADF0DF /* ProjectDetailsVC.xib */; };
		04AD610C2628C52B00ADF0DF /* ImageModel.swift in Sources */ = {isa = PBXBuildFile; fileRef = 04AD610B2628C52B00ADF0DF /* ImageModel.swift */; };
		04D23EC9263306B500290488 /* ContainerVC.swift in Sources */ = {isa = PBXBuildFile; fileRef = 04D23EC8263306B500290488 /* ContainerVC.swift */; };
		04D23EE226330D7700290488 /* AboutVc.swift in Sources */ = {isa = PBXBuildFile; fileRef = 04D23EE126330D7700290488 /* AboutVc.swift */; };
		04D23EE526330D9B00290488 /* CompetitionsVc.swift in Sources */ = {isa = PBXBuildFile; fileRef = 04D23EE426330D9B00290488 /* CompetitionsVc.swift */; };
		04D23EE826330DBA00290488 /* ArtistProductsVc.swift in Sources */ = {isa = PBXBuildFile; fileRef = 04D23EE726330DBA00290488 /* ArtistProductsVc.swift */; };
		04D23EEA2633121300290488 /* Graphik-Black.ttf in Resources */ = {isa = PBXBuildFile; fileRef = 04E18711261364AA00824E37 /* Graphik-Black.ttf */; };
		04D23EEC2633127800290488 /* Graphik-Bold.ttf in Resources */ = {isa = PBXBuildFile; fileRef = 04E18705261364A900824E37 /* Graphik-Bold.ttf */; };
		04D23EED2633127800290488 /* Graphik-Light.ttf in Resources */ = {isa = PBXBuildFile; fileRef = 04E18704261364A900824E37 /* Graphik-Light.ttf */; };
		04D23EEE2633127800290488 /* Graphik-Medium.ttf in Resources */ = {isa = PBXBuildFile; fileRef = 04E1870E261364AA00824E37 /* Graphik-Medium.ttf */; };
		04D23EEF2633127800290488 /* Graphik-Regular.ttf in Resources */ = {isa = PBXBuildFile; fileRef = 04E1870B261364AA00824E37 /* Graphik-Regular.ttf */; };
		04D23EF02633127800290488 /* Graphik-Semibold.ttf in Resources */ = {isa = PBXBuildFile; fileRef = 04E18706261364A900824E37 /* Graphik-Semibold.ttf */; };
		04DEA9962620901000F843A6 /* CategeoryModel.swift in Sources */ = {isa = PBXBuildFile; fileRef = 04DEA9952620901000F843A6 /* CategeoryModel.swift */; };
		04DEA999262090C700F843A6 /* CountryModel.swift in Sources */ = {isa = PBXBuildFile; fileRef = 04DEA998262090C700F843A6 /* CountryModel.swift */; };
		04DEA9D0262093E500F843A6 /* GetServices.swift in Sources */ = {isa = PBXBuildFile; fileRef = 04DEA9CF262093E500F843A6 /* GetServices.swift */; };
		04DEA9D32620941C00F843A6 /* AddServices.swift in Sources */ = {isa = PBXBuildFile; fileRef = 04DEA9D22620941C00F843A6 /* AddServices.swift */; };
		04DEA9D62620947100F843A6 /* Authentication.swift in Sources */ = {isa = PBXBuildFile; fileRef = 04DEA9D52620947100F843A6 /* Authentication.swift */; };
		04DEA9D926209FA100F843A6 /* Errors.swift in Sources */ = {isa = PBXBuildFile; fileRef = 04DEA9D826209FA100F843A6 /* Errors.swift */; };
		04DEA9DC2620A0B200F843A6 /* AuthModel.swift in Sources */ = {isa = PBXBuildFile; fileRef = 04DEA9DB2620A0B200F843A6 /* AuthModel.swift */; };
		04DEAA362620AD0200F843A6 /* UIViewController+Extention.swift in Sources */ = {isa = PBXBuildFile; fileRef = 04DEAA352620AD0200F843A6 /* UIViewController+Extention.swift */; };
		04DEAA3B2620B25400F843A6 /* SplashVC.swift in Sources */ = {isa = PBXBuildFile; fileRef = 04DEAA392620B25400F843A6 /* SplashVC.swift */; };
		04DEAA3C2620B25400F843A6 /* SplashVC.xib in Resources */ = {isa = PBXBuildFile; fileRef = 04DEAA3A2620B25400F843A6 /* SplashVC.xib */; };
		04DEAA412620B4A900F843A6 /* SplashCell.swift in Sources */ = {isa = PBXBuildFile; fileRef = 04DEAA3F2620B4A900F843A6 /* SplashCell.swift */; };
		04DEAA422620B4A900F843A6 /* SplashCell.xib in Resources */ = {isa = PBXBuildFile; fileRef = 04DEAA402620B4A900F843A6 /* SplashCell.xib */; };
		04DEAA462620BC9500F843A6 /* SplashViewModel.swift in Sources */ = {isa = PBXBuildFile; fileRef = 04DEAA452620BC9500F843A6 /* SplashViewModel.swift */; };
		04E186F5261360F400824E37 /* StoryBoardExtension.swift in Sources */ = {isa = PBXBuildFile; fileRef = 04E186F4261360F400824E37 /* StoryBoardExtension.swift */; };
		04E1871726136B1600824E37 /* CustomView.swift in Sources */ = {isa = PBXBuildFile; fileRef = 04E1871626136B1600824E37 /* CustomView.swift */; };
		04F06AC52614C37200B08606 /* AgeVc.swift in Sources */ = {isa = PBXBuildFile; fileRef = 04F06AC32614C37200B08606 /* AgeVc.swift */; };
		04F06AC62614C37200B08606 /* AgeVc.xib in Resources */ = {isa = PBXBuildFile; fileRef = 04F06AC42614C37200B08606 /* AgeVc.xib */; };
		04F06AF02614DD5100B08606 /* CategeoryVc.swift in Sources */ = {isa = PBXBuildFile; fileRef = 04F06AEE2614DD5100B08606 /* CategeoryVc.swift */; };
		04F06AF12614DD5100B08606 /* CategeoryVc.xib in Resources */ = {isa = PBXBuildFile; fileRef = 04F06AEF2614DD5100B08606 /* CategeoryVc.xib */; };
		04F06AF62614E0D600B08606 /* CategeoryCell.swift in Sources */ = {isa = PBXBuildFile; fileRef = 04F06AF42614E0D600B08606 /* CategeoryCell.swift */; };
		04F06AF72614E0D600B08606 /* CategeoryCell.xib in Resources */ = {isa = PBXBuildFile; fileRef = 04F06AF52614E0D600B08606 /* CategeoryCell.xib */; };
		04F06AFA2614E18D00B08606 /* CustomImageView.swift in Sources */ = {isa = PBXBuildFile; fileRef = 04F06AF92614E18D00B08606 /* CustomImageView.swift */; };
		4EA4B62CD9716EDECB49E672 /* Pods_Mad.framework in Frameworks */ = {isa = PBXBuildFile; fileRef = 736F74D20B54C3DE91AB8D69 /* Pods_Mad.framework */; };
/* End PBXBuildFile section */

/* Begin PBXFileReference section */
		0413E3A9263051C300F5977D /* ArtistModel.swift */ = {isa = PBXFileReference; lastKnownFileType = sourcecode.swift; path = ArtistModel.swift; sourceTree = "<group>"; };
		0413E3AC2630536E00F5977D /* ArtistViewModel.swift */ = {isa = PBXFileReference; lastKnownFileType = sourcecode.swift; path = ArtistViewModel.swift; sourceTree = "<group>"; };
		0413E3F326307C6200F5977D /* BlogsVc.swift */ = {isa = PBXFileReference; lastKnownFileType = sourcecode.swift; path = BlogsVc.swift; sourceTree = "<group>"; };
		0413E3F426307C6200F5977D /* BlogsVc.xib */ = {isa = PBXFileReference; lastKnownFileType = file.xib; path = BlogsVc.xib; sourceTree = "<group>"; };
		0413E3FF26307D3700F5977D /* VideosVC.swift */ = {isa = PBXFileReference; lastKnownFileType = sourcecode.swift; path = VideosVC.swift; sourceTree = "<group>"; };
		0413E40026307D3700F5977D /* VideosVC.xib */ = {isa = PBXFileReference; lastKnownFileType = file.xib; path = VideosVC.xib; sourceTree = "<group>"; };
		0413E40526307D7300F5977D /* ProjectsVC.swift */ = {isa = PBXFileReference; lastKnownFileType = sourcecode.swift; path = ProjectsVC.swift; sourceTree = "<group>"; };
		0413E40626307D7300F5977D /* ProjectsVC.xib */ = {isa = PBXFileReference; lastKnownFileType = file.xib; path = ProjectsVC.xib; sourceTree = "<group>"; };
		0413E40B26307DC600F5977D /* ProductsVC.swift */ = {isa = PBXFileReference; lastKnownFileType = sourcecode.swift; path = ProductsVC.swift; sourceTree = "<group>"; };
		0413E40C26307DC600F5977D /* ProductsVC.xib */ = {isa = PBXFileReference; lastKnownFileType = file.xib; path = ProductsVC.xib; sourceTree = "<group>"; };
		0413E41226307F5E00F5977D /* HomeVc.swift */ = {isa = PBXFileReference; lastKnownFileType = sourcecode.swift; path = HomeVc.swift; sourceTree = "<group>"; };
		0413E4162630879700F5977D /* ArtistsVc.swift */ = {isa = PBXFileReference; lastKnownFileType = sourcecode.swift; path = ArtistsVc.swift; sourceTree = "<group>"; };
		0413E4172630879700F5977D /* ArtistsVc.xib */ = {isa = PBXFileReference; lastKnownFileType = file.xib; path = ArtistsVc.xib; sourceTree = "<group>"; };
		041427FE26174D76000394CA /* NotificationVc.swift */ = {isa = PBXFileReference; lastKnownFileType = sourcecode.swift; path = NotificationVc.swift; sourceTree = "<group>"; };
		0414280126174D8A000394CA /* SearchVc.swift */ = {isa = PBXFileReference; lastKnownFileType = sourcecode.swift; path = SearchVc.swift; sourceTree = "<group>"; };
		0414280426174D9D000394CA /* ProfileVc.swift */ = {isa = PBXFileReference; lastKnownFileType = sourcecode.swift; path = ProfileVc.swift; sourceTree = "<group>"; };
		0414282B26176074000394CA /* HomeCell.swift */ = {isa = PBXFileReference; lastKnownFileType = sourcecode.swift; path = HomeCell.swift; sourceTree = "<group>"; };
		0414282C26176074000394CA /* HomeCell.xib */ = {isa = PBXFileReference; lastKnownFileType = file.xib; path = HomeCell.xib; sourceTree = "<group>"; };
		0414286426176BCD000394CA /* HomeViewModel.swift */ = {isa = PBXFileReference; lastKnownFileType = sourcecode.swift; path = HomeViewModel.swift; sourceTree = "<group>"; };
		0414287526177E69000394CA /* LiveCellCVC.swift */ = {isa = PBXFileReference; lastKnownFileType = sourcecode.swift; path = LiveCellCVC.swift; sourceTree = "<group>"; };
		0414287626177E69000394CA /* LiveCellCVC.xib */ = {isa = PBXFileReference; lastKnownFileType = file.xib; path = LiveCellCVC.xib; sourceTree = "<group>"; };
		042C080D26136B6E00BE1806 /* CustomButtons.swift */ = {isa = PBXFileReference; lastKnownFileType = sourcecode.swift; path = CustomButtons.swift; sourceTree = "<group>"; };
		042C081026136B9700BE1806 /* CustomDropDown.swift */ = {isa = PBXFileReference; lastKnownFileType = sourcecode.swift; path = CustomDropDown.swift; sourceTree = "<group>"; };
		042C0815261371DE00BE1806 /* Helvetica-Bold-Font.ttf */ = {isa = PBXFileReference; lastKnownFileType = file; path = "Helvetica-Bold-Font.ttf"; sourceTree = "<group>"; };
		042C08292613943900BE1806 /* LoadingLoginVc.swift */ = {isa = PBXFileReference; lastKnownFileType = sourcecode.swift; path = LoadingLoginVc.swift; sourceTree = "<group>"; };
		043B47D3261DB5B500D67023 /* ForYouCell.swift */ = {isa = PBXFileReference; lastKnownFileType = sourcecode.swift; path = ForYouCell.swift; sourceTree = "<group>"; };
		043B47D4261DB5B500D67023 /* ForYouCell.xib */ = {isa = PBXFileReference; lastKnownFileType = file.xib; path = ForYouCell.xib; sourceTree = "<group>"; };
		0440ECA62636C7C60046681C /* CompetitionCell.swift */ = {isa = PBXFileReference; lastKnownFileType = sourcecode.swift; path = CompetitionCell.swift; sourceTree = "<group>"; };
		0440ECA72636C7C60046681C /* CompetitionCell.xib */ = {isa = PBXFileReference; lastKnownFileType = file.xib; path = CompetitionCell.xib; sourceTree = "<group>"; };
		0449A6F2262EF9E100604052 /* Authentication.storyboard */ = {isa = PBXFileReference; lastKnownFileType = file.storyboard; path = Authentication.storyboard; sourceTree = "<group>"; };
		0449A72B262EFE1800604052 /* Home.storyboard */ = {isa = PBXFileReference; lastKnownFileType = file.storyboard; path = Home.storyboard; sourceTree = "<group>"; };
		0449A72E262F396400604052 /* Artist.storyboard */ = {isa = PBXFileReference; lastKnownFileType = file.storyboard; path = Artist.storyboard; sourceTree = "<group>"; };
		0449A732262F39C800604052 /* ArtistProfileVc.swift */ = {isa = PBXFileReference; lastKnownFileType = sourcecode.swift; path = ArtistProfileVc.swift; sourceTree = "<group>"; };
		0449A735262F477700604052 /* ArtistProjectsVc.swift */ = {isa = PBXFileReference; lastKnownFileType = sourcecode.swift; path = ArtistProjectsVc.swift; sourceTree = "<group>"; };
		0449A739262F939300604052 /* String+Extention.swift */ = {isa = PBXFileReference; lastKnownFileType = sourcecode.swift; path = "String+Extention.swift"; sourceTree = "<group>"; };
		0451B7622627041F000B3983 /* ProjectsModel.swift */ = {isa = PBXFileReference; lastKnownFileType = sourcecode.swift; path = ProjectsModel.swift; sourceTree = "<group>"; };
		0451B7A8262716E8000B3983 /* ShimmerView.swift */ = {isa = PBXFileReference; lastKnownFileType = sourcecode.swift; path = ShimmerView.swift; sourceTree = "<group>"; };
		0451FD622617A5B500AEE546 /* TitleCell.swift */ = {isa = PBXFileReference; lastKnownFileType = sourcecode.swift; path = TitleCell.swift; sourceTree = "<group>"; };
		0451FD632617A5B500AEE546 /* TitleCell.xib */ = {isa = PBXFileReference; lastKnownFileType = file.xib; path = TitleCell.xib; sourceTree = "<group>"; };
		0451FD8A2617A5D300AEE546 /* ProjectCell.swift */ = {isa = PBXFileReference; lastKnownFileType = sourcecode.swift; path = ProjectCell.swift; sourceTree = "<group>"; };
		0451FD8B2617A5D300AEE546 /* ProjectCell.xib */ = {isa = PBXFileReference; lastKnownFileType = file.xib; path = ProjectCell.xib; sourceTree = "<group>"; };
		04528E2B26149443009868EA /* ConfigUrls.swift */ = {isa = PBXFileReference; lastKnownFileType = sourcecode.swift; path = ConfigUrls.swift; sourceTree = "<group>"; };
		04528E2E26149496009868EA /* Helper.swift */ = {isa = PBXFileReference; lastKnownFileType = sourcecode.swift; path = Helper.swift; sourceTree = "<group>"; };
		04528E3126149579009868EA /* AuthenticationViewModel.swift */ = {isa = PBXFileReference; lastKnownFileType = sourcecode.swift; path = AuthenticationViewModel.swift; sourceTree = "<group>"; };
		04528E34261495D0009868EA /* LocalizationTitles.swift */ = {isa = PBXFileReference; lastKnownFileType = sourcecode.swift; path = LocalizationTitles.swift; sourceTree = "<group>"; };
		04528E3B26149903009868EA /* EmailVc.swift */ = {isa = PBXFileReference; lastKnownFileType = sourcecode.swift; path = EmailVc.swift; sourceTree = "<group>"; };
		04528E3C26149903009868EA /* EmailVc.xib */ = {isa = PBXFileReference; lastKnownFileType = file.xib; path = EmailVc.xib; sourceTree = "<group>"; };
		04528E4126149915009868EA /* PasswordVc.swift */ = {isa = PBXFileReference; lastKnownFileType = sourcecode.swift; path = PasswordVc.swift; sourceTree = "<group>"; };
		04528E4226149915009868EA /* PasswordVc.xib */ = {isa = PBXFileReference; lastKnownFileType = file.xib; path = PasswordVc.xib; sourceTree = "<group>"; };
		04528E462614A1FD009868EA /* CustomTextField.swift */ = {isa = PBXFileReference; lastKnownFileType = sourcecode.swift; path = CustomTextField.swift; sourceTree = "<group>"; };
		04528E492614B54B009868EA /* CreatPasswordVc.swift */ = {isa = PBXFileReference; lastKnownFileType = sourcecode.swift; path = CreatPasswordVc.swift; sourceTree = "<group>"; };
		04528E4A2614B54B009868EA /* CreatPasswordVc.xib */ = {isa = PBXFileReference; lastKnownFileType = file.xib; path = CreatPasswordVc.xib; sourceTree = "<group>"; };
		04528E532614B586009868EA /* NameVc.swift */ = {isa = PBXFileReference; lastKnownFileType = sourcecode.swift; path = NameVc.swift; sourceTree = "<group>"; };
		04528E542614B586009868EA /* NameVc.xib */ = {isa = PBXFileReference; lastKnownFileType = file.xib; path = NameVc.xib; sourceTree = "<group>"; };
		04528E592614B5AE009868EA /* CountryVc.swift */ = {isa = PBXFileReference; lastKnownFileType = sourcecode.swift; path = CountryVc.swift; sourceTree = "<group>"; };
		04528E5A2614B5AE009868EA /* CountryVc.xib */ = {isa = PBXFileReference; lastKnownFileType = file.xib; path = CountryVc.xib; sourceTree = "<group>"; };
		0460CF43261CEC27006685B6 /* ArtistCell.swift */ = {isa = PBXFileReference; lastKnownFileType = sourcecode.swift; path = ArtistCell.swift; sourceTree = "<group>"; };
		0460CF44261CEC27006685B6 /* ArtistCell.xib */ = {isa = PBXFileReference; lastKnownFileType = file.xib; path = ArtistCell.xib; sourceTree = "<group>"; };
		0460CF6D261D04DD006685B6 /* SplashModel.swift */ = {isa = PBXFileReference; lastKnownFileType = sourcecode.swift; path = SplashModel.swift; sourceTree = "<group>"; };
		0466871B261B3C32001D024D /* WelcomVc.swift */ = {isa = PBXFileReference; lastKnownFileType = sourcecode.swift; path = WelcomVc.swift; sourceTree = "<group>"; };
		0466871C261B3C32001D024D /* WelcomVc.xib */ = {isa = PBXFileReference; lastKnownFileType = file.xib; path = WelcomVc.xib; sourceTree = "<group>"; };
		04668722261B3F89001D024D /* WelcomeCell.swift */ = {isa = PBXFileReference; lastKnownFileType = sourcecode.swift; path = WelcomeCell.swift; sourceTree = "<group>"; };
		04668723261B3F89001D024D /* WelcomeCell.xib */ = {isa = PBXFileReference; lastKnownFileType = file.xib; path = WelcomeCell.xib; sourceTree = "<group>"; };
		04668727261B447B001D024D /* AdsViewModel.swift */ = {isa = PBXFileReference; lastKnownFileType = sourcecode.swift; path = AdsViewModel.swift; sourceTree = "<group>"; };
		0466872A261B5B1C001D024D /* UICollectionView+Extention.swift */ = {isa = PBXFileReference; lastKnownFileType = sourcecode.swift; path = "UICollectionView+Extention.swift"; sourceTree = "<group>"; };
		04688786261E0E170056AC92 /* VerificationVc.swift */ = {isa = PBXFileReference; lastKnownFileType = sourcecode.swift; path = VerificationVc.swift; sourceTree = "<group>"; };
		04688787261E0E170056AC92 /* VerificationVc.xib */ = {isa = PBXFileReference; lastKnownFileType = file.xib; path = VerificationVc.xib; sourceTree = "<group>"; };
		046887BC261E77970056AC92 /* ShowesCell.swift */ = {isa = PBXFileReference; lastKnownFileType = sourcecode.swift; path = ShowesCell.swift; sourceTree = "<group>"; };
		046887BD261E77970056AC92 /* ShowesCell.xib */ = {isa = PBXFileReference; lastKnownFileType = file.xib; path = ShowesCell.xib; sourceTree = "<group>"; };
		0488CCE5261213E000E05BEB /* Mad.app */ = {isa = PBXFileReference; explicitFileType = wrapper.application; includeInIndex = 0; path = Mad.app; sourceTree = BUILT_PRODUCTS_DIR; };
		0488CCE8261213E000E05BEB /* AppDelegate.swift */ = {isa = PBXFileReference; lastKnownFileType = sourcecode.swift; path = AppDelegate.swift; sourceTree = "<group>"; };
		0488CCEF261213E000E05BEB /* Base */ = {isa = PBXFileReference; lastKnownFileType = file.storyboard; name = Base; path = Base.lproj/Main.storyboard; sourceTree = "<group>"; };
		0488CCF1261213E400E05BEB /* Assets.xcassets */ = {isa = PBXFileReference; lastKnownFileType = folder.assetcatalog; path = Assets.xcassets; sourceTree = "<group>"; };
		0488CCF4261213E400E05BEB /* Base */ = {isa = PBXFileReference; lastKnownFileType = file.storyboard; name = Base; path = Base.lproj/LaunchScreen.storyboard; sourceTree = "<group>"; };
		0488CCF6261213E400E05BEB /* Info.plist */ = {isa = PBXFileReference; lastKnownFileType = text.plist.xml; path = Info.plist; sourceTree = "<group>"; };
		04911C67261C9A2900705A58 /* SuggestedCell.swift */ = {isa = PBXFileReference; lastKnownFileType = sourcecode.swift; path = SuggestedCell.swift; sourceTree = "<group>"; };
		04911C68261C9A2900705A58 /* SuggestedCell.xib */ = {isa = PBXFileReference; lastKnownFileType = file.xib; path = SuggestedCell.xib; sourceTree = "<group>"; };
		04981128261F6BD5008C09D8 /* JJStaggeredGridCollectionView.framework */ = {isa = PBXFileReference; explicitFileType = wrapper.framework; path = JJStaggeredGridCollectionView.framework; sourceTree = BUILT_PRODUCTS_DIR; };
		04AD60B1262866E500ADF0DF /* ProjectDetailsVC.swift */ = {isa = PBXFileReference; lastKnownFileType = sourcecode.swift; path = ProjectDetailsVC.swift; sourceTree = "<group>"; };
		04AD60B2262866E500ADF0DF /* ProjectDetailsVC.xib */ = {isa = PBXFileReference; lastKnownFileType = file.xib; path = ProjectDetailsVC.xib; sourceTree = "<group>"; };
		04AD610B2628C52B00ADF0DF /* ImageModel.swift */ = {isa = PBXFileReference; lastKnownFileType = sourcecode.swift; path = ImageModel.swift; sourceTree = "<group>"; };
		04D23EC8263306B500290488 /* ContainerVC.swift */ = {isa = PBXFileReference; lastKnownFileType = sourcecode.swift; path = ContainerVC.swift; sourceTree = "<group>"; };
		04D23EE126330D7700290488 /* AboutVc.swift */ = {isa = PBXFileReference; lastKnownFileType = sourcecode.swift; path = AboutVc.swift; sourceTree = "<group>"; };
		04D23EE426330D9B00290488 /* CompetitionsVc.swift */ = {isa = PBXFileReference; lastKnownFileType = sourcecode.swift; path = CompetitionsVc.swift; sourceTree = "<group>"; };
		04D23EE726330DBA00290488 /* ArtistProductsVc.swift */ = {isa = PBXFileReference; lastKnownFileType = sourcecode.swift; path = ArtistProductsVc.swift; sourceTree = "<group>"; };
		04DEA9952620901000F843A6 /* CategeoryModel.swift */ = {isa = PBXFileReference; lastKnownFileType = sourcecode.swift; path = CategeoryModel.swift; sourceTree = "<group>"; };
		04DEA998262090C700F843A6 /* CountryModel.swift */ = {isa = PBXFileReference; lastKnownFileType = sourcecode.swift; path = CountryModel.swift; sourceTree = "<group>"; };
		04DEA9CF262093E500F843A6 /* GetServices.swift */ = {isa = PBXFileReference; lastKnownFileType = sourcecode.swift; path = GetServices.swift; sourceTree = "<group>"; };
		04DEA9D22620941C00F843A6 /* AddServices.swift */ = {isa = PBXFileReference; lastKnownFileType = sourcecode.swift; path = AddServices.swift; sourceTree = "<group>"; };
		04DEA9D52620947100F843A6 /* Authentication.swift */ = {isa = PBXFileReference; lastKnownFileType = sourcecode.swift; path = Authentication.swift; sourceTree = "<group>"; };
		04DEA9D826209FA100F843A6 /* Errors.swift */ = {isa = PBXFileReference; lastKnownFileType = sourcecode.swift; path = Errors.swift; sourceTree = "<group>"; };
		04DEA9DB2620A0B200F843A6 /* AuthModel.swift */ = {isa = PBXFileReference; lastKnownFileType = sourcecode.swift; path = AuthModel.swift; sourceTree = "<group>"; };
		04DEAA352620AD0200F843A6 /* UIViewController+Extention.swift */ = {isa = PBXFileReference; lastKnownFileType = sourcecode.swift; path = "UIViewController+Extention.swift"; sourceTree = "<group>"; };
		04DEAA392620B25400F843A6 /* SplashVC.swift */ = {isa = PBXFileReference; lastKnownFileType = sourcecode.swift; path = SplashVC.swift; sourceTree = "<group>"; };
		04DEAA3A2620B25400F843A6 /* SplashVC.xib */ = {isa = PBXFileReference; lastKnownFileType = file.xib; path = SplashVC.xib; sourceTree = "<group>"; };
		04DEAA3F2620B4A900F843A6 /* SplashCell.swift */ = {isa = PBXFileReference; lastKnownFileType = sourcecode.swift; path = SplashCell.swift; sourceTree = "<group>"; };
		04DEAA402620B4A900F843A6 /* SplashCell.xib */ = {isa = PBXFileReference; lastKnownFileType = file.xib; path = SplashCell.xib; sourceTree = "<group>"; };
		04DEAA452620BC9500F843A6 /* SplashViewModel.swift */ = {isa = PBXFileReference; lastKnownFileType = sourcecode.swift; path = SplashViewModel.swift; sourceTree = "<group>"; };
		04E186F4261360F400824E37 /* StoryBoardExtension.swift */ = {isa = PBXFileReference; lastKnownFileType = sourcecode.swift; path = StoryBoardExtension.swift; sourceTree = "<group>"; };
		04E18703261364A900824E37 /* Graphik-SemiboldItalic.ttf */ = {isa = PBXFileReference; lastKnownFileType = file; path = "Graphik-SemiboldItalic.ttf"; sourceTree = "<group>"; };
		04E18704261364A900824E37 /* Graphik-Light.ttf */ = {isa = PBXFileReference; lastKnownFileType = file; path = "Graphik-Light.ttf"; sourceTree = "<group>"; };
		04E18705261364A900824E37 /* Graphik-Bold.ttf */ = {isa = PBXFileReference; lastKnownFileType = file; path = "Graphik-Bold.ttf"; sourceTree = "<group>"; };
		04E18706261364A900824E37 /* Graphik-Semibold.ttf */ = {isa = PBXFileReference; lastKnownFileType = file; path = "Graphik-Semibold.ttf"; sourceTree = "<group>"; };
		04E18707261364A900824E37 /* Graphik-Super.ttf */ = {isa = PBXFileReference; lastKnownFileType = file; path = "Graphik-Super.ttf"; sourceTree = "<group>"; };
		04E18708261364A900824E37 /* Graphik-Extralight.ttf */ = {isa = PBXFileReference; lastKnownFileType = file; path = "Graphik-Extralight.ttf"; sourceTree = "<group>"; };
		04E18709261364AA00824E37 /* Graphik-Thin.ttf */ = {isa = PBXFileReference; lastKnownFileType = file; path = "Graphik-Thin.ttf"; sourceTree = "<group>"; };
		04E1870A261364AA00824E37 /* Graphik-SuperItalic.ttf */ = {isa = PBXFileReference; lastKnownFileType = file; path = "Graphik-SuperItalic.ttf"; sourceTree = "<group>"; };
		04E1870B261364AA00824E37 /* Graphik-Regular.ttf */ = {isa = PBXFileReference; lastKnownFileType = file; path = "Graphik-Regular.ttf"; sourceTree = "<group>"; };
		04E1870C261364AA00824E37 /* Graphik-RegularItalic.ttf */ = {isa = PBXFileReference; lastKnownFileType = file; path = "Graphik-RegularItalic.ttf"; sourceTree = "<group>"; };
		04E1870D261364AA00824E37 /* Graphik-LightItalic.ttf */ = {isa = PBXFileReference; lastKnownFileType = file; path = "Graphik-LightItalic.ttf"; sourceTree = "<group>"; };
		04E1870E261364AA00824E37 /* Graphik-Medium.ttf */ = {isa = PBXFileReference; lastKnownFileType = file; path = "Graphik-Medium.ttf"; sourceTree = "<group>"; };
		04E1870F261364AA00824E37 /* Graphik-ExtralightItalic.ttf */ = {isa = PBXFileReference; lastKnownFileType = file; path = "Graphik-ExtralightItalic.ttf"; sourceTree = "<group>"; };
		04E18710261364AA00824E37 /* Graphik-MediumItalic.ttf */ = {isa = PBXFileReference; lastKnownFileType = file; path = "Graphik-MediumItalic.ttf"; sourceTree = "<group>"; };
		04E18711261364AA00824E37 /* Graphik-Black.ttf */ = {isa = PBXFileReference; lastKnownFileType = file; path = "Graphik-Black.ttf"; sourceTree = "<group>"; };
		04E18712261364AA00824E37 /* Graphik-ThinItalic.ttf */ = {isa = PBXFileReference; lastKnownFileType = file; path = "Graphik-ThinItalic.ttf"; sourceTree = "<group>"; };
		04E18713261364AA00824E37 /* Graphik-BlackItalic.ttf */ = {isa = PBXFileReference; lastKnownFileType = file; path = "Graphik-BlackItalic.ttf"; sourceTree = "<group>"; };
		04E18714261364AA00824E37 /* Graphik-BoldItalic.ttf */ = {isa = PBXFileReference; lastKnownFileType = file; path = "Graphik-BoldItalic.ttf"; sourceTree = "<group>"; };
		04E1871626136B1600824E37 /* CustomView.swift */ = {isa = PBXFileReference; lastKnownFileType = sourcecode.swift; path = CustomView.swift; sourceTree = "<group>"; };
		04F06AC32614C37200B08606 /* AgeVc.swift */ = {isa = PBXFileReference; lastKnownFileType = sourcecode.swift; path = AgeVc.swift; sourceTree = "<group>"; };
		04F06AC42614C37200B08606 /* AgeVc.xib */ = {isa = PBXFileReference; lastKnownFileType = file.xib; path = AgeVc.xib; sourceTree = "<group>"; };
		04F06AEE2614DD5100B08606 /* CategeoryVc.swift */ = {isa = PBXFileReference; lastKnownFileType = sourcecode.swift; path = CategeoryVc.swift; sourceTree = "<group>"; };
		04F06AEF2614DD5100B08606 /* CategeoryVc.xib */ = {isa = PBXFileReference; lastKnownFileType = file.xib; path = CategeoryVc.xib; sourceTree = "<group>"; };
		04F06AF42614E0D600B08606 /* CategeoryCell.swift */ = {isa = PBXFileReference; lastKnownFileType = sourcecode.swift; path = CategeoryCell.swift; sourceTree = "<group>"; };
		04F06AF52614E0D600B08606 /* CategeoryCell.xib */ = {isa = PBXFileReference; lastKnownFileType = file.xib; path = CategeoryCell.xib; sourceTree = "<group>"; };
		04F06AF92614E18D00B08606 /* CustomImageView.swift */ = {isa = PBXFileReference; lastKnownFileType = sourcecode.swift; path = CustomImageView.swift; sourceTree = "<group>"; };
		2DB430330E0AB5843CC86F37 /* Pods-Mad.debug.xcconfig */ = {isa = PBXFileReference; includeInIndex = 1; lastKnownFileType = text.xcconfig; name = "Pods-Mad.debug.xcconfig"; path = "Target Support Files/Pods-Mad/Pods-Mad.debug.xcconfig"; sourceTree = "<group>"; };
		736F74D20B54C3DE91AB8D69 /* Pods_Mad.framework */ = {isa = PBXFileReference; explicitFileType = wrapper.framework; includeInIndex = 0; path = Pods_Mad.framework; sourceTree = BUILT_PRODUCTS_DIR; };
		F578A37B5916C20B109CC26C /* Pods-Mad.release.xcconfig */ = {isa = PBXFileReference; includeInIndex = 1; lastKnownFileType = text.xcconfig; name = "Pods-Mad.release.xcconfig"; path = "Target Support Files/Pods-Mad/Pods-Mad.release.xcconfig"; sourceTree = "<group>"; };
/* End PBXFileReference section */

/* Begin PBXFrameworksBuildPhase section */
		0488CCE2261213E000E05BEB /* Frameworks */ = {
			isa = PBXFrameworksBuildPhase;
			buildActionMask = 2147483647;
			files = (
				4EA4B62CD9716EDECB49E672 /* Pods_Mad.framework in Frameworks */,
			);
			runOnlyForDeploymentPostprocessing = 0;
		};
/* End PBXFrameworksBuildPhase section */

/* Begin PBXGroup section */
		0413E3E12630731E00F5977D /* BlogsVc */ = {
			isa = PBXGroup;
			children = (
				0413E3F326307C6200F5977D /* BlogsVc.swift */,
				0413E3F426307C6200F5977D /* BlogsVc.xib */,
			);
			path = BlogsVc;
			sourceTree = "<group>";
		};
		0413E4152630877900F5977D /* ArtistVC */ = {
			isa = PBXGroup;
			children = (
				0413E4162630879700F5977D /* ArtistsVc.swift */,
				0413E4172630879700F5977D /* ArtistsVc.xib */,
			);
			path = ArtistVC;
			sourceTree = "<group>";
		};
		0413E4502630A35E00F5977D /* Views */ = {
			isa = PBXGroup;
			children = (
				0413E4522630A37B00F5977D /* CollectionViewCell */,
				0413E4512630A37800F5977D /* TableViewCell */,
			);
			path = Views;
			sourceTree = "<group>";
		};
		0413E4512630A37800F5977D /* TableViewCell */ = {
			isa = PBXGroup;
			children = (
				0440ECA42636C7880046681C /* Competitions */,
				04668759261B6728001D024D /* HomeCell */,
			);
			path = TableViewCell;
			sourceTree = "<group>";
		};
		0413E4522630A37B00F5977D /* CollectionViewCell */ = {
			isa = PBXGroup;
			children = (
				046887BB261E77620056AC92 /* ShowsCell */,
				043B47D2261DB58D00D67023 /* ForYouCell */,
				0460CF41261CEBDF006685B6 /* ArtistCell */,
				04911C66261C99F000705A58 /* SuggestedCell */,
				0451FD892617A5BE00AEE546 /* ProjectCell */,
				0451FD612617A59C00AEE546 /* TitleCell */,
				04142867261771F7000394CA /* LiveCell */,
			);
			path = CollectionViewCell;
			sourceTree = "<group>";
		};
		04142867261771F7000394CA /* LiveCell */ = {
			isa = PBXGroup;
			children = (
				0414287526177E69000394CA /* LiveCellCVC.swift */,
				0414287626177E69000394CA /* LiveCellCVC.xib */,
			);
			path = LiveCell;
			sourceTree = "<group>";
		};
		042C08272613941600BE1806 /* Auth */ = {
			isa = PBXGroup;
			children = (
				042C08282613941F00BE1806 /* LoadingLogin */,
				04528E3826149885009868EA /* Login */,
				04528E3726149882009868EA /* SignUp */,
			);
			path = Auth;
			sourceTree = "<group>";
		};
		042C08282613941F00BE1806 /* LoadingLogin */ = {
			isa = PBXGroup;
			children = (
				042C08292613943900BE1806 /* LoadingLoginVc.swift */,
			);
			path = LoadingLogin;
			sourceTree = "<group>";
		};
		043B47D2261DB58D00D67023 /* ForYouCell */ = {
			isa = PBXGroup;
			children = (
				043B47D3261DB5B500D67023 /* ForYouCell.swift */,
				043B47D4261DB5B500D67023 /* ForYouCell.xib */,
			);
			path = ForYouCell;
			sourceTree = "<group>";
		};
		0440ECA42636C7880046681C /* Competitions */ = {
			isa = PBXGroup;
			children = (
				0440ECA62636C7C60046681C /* CompetitionCell.swift */,
				0440ECA72636C7C60046681C /* CompetitionCell.xib */,
			);
			path = Competitions;
			sourceTree = "<group>";
		};
		0449A6EB262ED8B700604052 /* ArtistProfile */ = {
			isa = PBXGroup;
			children = (
				0449A732262F39C800604052 /* ArtistProfileVc.swift */,
				04D23EC8263306B500290488 /* ContainerVC.swift */,
				0449A735262F477700604052 /* ArtistProjectsVc.swift */,
				04D23EE726330DBA00290488 /* ArtistProductsVc.swift */,
				04D23EE126330D7700290488 /* AboutVc.swift */,
				04D23EE426330D9B00290488 /* CompetitionsVc.swift */,
			);
			path = ArtistProfile;
			sourceTree = "<group>";
		};
		0451FD612617A59C00AEE546 /* TitleCell */ = {
			isa = PBXGroup;
			children = (
				0451FD622617A5B500AEE546 /* TitleCell.swift */,
				0451FD632617A5B500AEE546 /* TitleCell.xib */,
			);
			path = TitleCell;
			sourceTree = "<group>";
		};
		0451FD892617A5BE00AEE546 /* ProjectCell */ = {
			isa = PBXGroup;
			children = (
				0451FD8A2617A5D300AEE546 /* ProjectCell.swift */,
				0451FD8B2617A5D300AEE546 /* ProjectCell.xib */,
			);
			path = ProjectCell;
			sourceTree = "<group>";
		};
		04528E3726149882009868EA /* SignUp */ = {
			isa = PBXGroup;
			children = (
				0466871A261B3B27001D024D /* WelcomVc */,
				04688785261E0DDB0056AC92 /* VerificationVc */,
				04528E4E2614B556009868EA /* CreatPassword */,
				04528E522614B565009868EA /* NameVc */,
				04F06AC22614C35E00B08606 /* AgeVc */,
				04528E512614B563009868EA /* CountryVc */,
				04F06AED2614DD3700B08606 /* Categeory */,
			);
			path = SignUp;
			sourceTree = "<group>";
		};
		04528E3826149885009868EA /* Login */ = {
			isa = PBXGroup;
			children = (
				04528E39261498D7009868EA /* EmailVc */,
				04528E3A261498DF009868EA /* PasswordVc */,
			);
			path = Login;
			sourceTree = "<group>";
		};
		04528E39261498D7009868EA /* EmailVc */ = {
			isa = PBXGroup;
			children = (
				04528E3B26149903009868EA /* EmailVc.swift */,
				04528E3C26149903009868EA /* EmailVc.xib */,
			);
			path = EmailVc;
			sourceTree = "<group>";
		};
		04528E3A261498DF009868EA /* PasswordVc */ = {
			isa = PBXGroup;
			children = (
				04528E4126149915009868EA /* PasswordVc.swift */,
				04528E4226149915009868EA /* PasswordVc.xib */,
			);
			path = PasswordVc;
			sourceTree = "<group>";
		};
		04528E4E2614B556009868EA /* CreatPassword */ = {
			isa = PBXGroup;
			children = (
				04528E492614B54B009868EA /* CreatPasswordVc.swift */,
				04528E4A2614B54B009868EA /* CreatPasswordVc.xib */,
			);
			path = CreatPassword;
			sourceTree = "<group>";
		};
		04528E512614B563009868EA /* CountryVc */ = {
			isa = PBXGroup;
			children = (
				04528E592614B5AE009868EA /* CountryVc.swift */,
				04528E5A2614B5AE009868EA /* CountryVc.xib */,
			);
			path = CountryVc;
			sourceTree = "<group>";
		};
		04528E522614B565009868EA /* NameVc */ = {
			isa = PBXGroup;
			children = (
				04528E532614B586009868EA /* NameVc.swift */,
				04528E542614B586009868EA /* NameVc.xib */,
			);
			path = NameVc;
			sourceTree = "<group>";
		};
		0460CF41261CEBDF006685B6 /* ArtistCell */ = {
			isa = PBXGroup;
			children = (
				0460CF43261CEC27006685B6 /* ArtistCell.swift */,
				0460CF44261CEC27006685B6 /* ArtistCell.xib */,
			);
			path = ArtistCell;
			sourceTree = "<group>";
		};
		0466871A261B3B27001D024D /* WelcomVc */ = {
			isa = PBXGroup;
			children = (
				04668720261B3F59001D024D /* Cell */,
				0466871B261B3C32001D024D /* WelcomVc.swift */,
				0466871C261B3C32001D024D /* WelcomVc.xib */,
			);
			path = WelcomVc;
			sourceTree = "<group>";
		};
		04668720261B3F59001D024D /* Cell */ = {
			isa = PBXGroup;
			children = (
				04668722261B3F89001D024D /* WelcomeCell.swift */,
				04668723261B3F89001D024D /* WelcomeCell.xib */,
			);
			path = Cell;
			sourceTree = "<group>";
		};
		04668759261B6728001D024D /* HomeCell */ = {
			isa = PBXGroup;
			children = (
				0414282B26176074000394CA /* HomeCell.swift */,
				0414282C26176074000394CA /* HomeCell.xib */,
			);
			path = HomeCell;
			sourceTree = "<group>";
		};
		04668760261B6784001D024D /* Artist */ = {
			isa = PBXGroup;
			children = (
				0413E4152630877900F5977D /* ArtistVC */,
				0449A6EB262ED8B700604052 /* ArtistProfile */,
			);
			path = Artist;
			sourceTree = "<group>";
		};
		04668764261B6A29001D024D /* ProductVc */ = {
			isa = PBXGroup;
			children = (
				0413E40B26307DC600F5977D /* ProductsVC.swift */,
				0413E40C26307DC600F5977D /* ProductsVC.xib */,
			);
			path = ProductVc;
			sourceTree = "<group>";
		};
		04688785261E0DDB0056AC92 /* VerificationVc */ = {
			isa = PBXGroup;
			children = (
				04688786261E0E170056AC92 /* VerificationVc.swift */,
				04688787261E0E170056AC92 /* VerificationVc.xib */,
			);
			path = VerificationVc;
			sourceTree = "<group>";
		};
		046887B6261E72430056AC92 /* VideosVc */ = {
			isa = PBXGroup;
			children = (
				0413E3FF26307D3700F5977D /* VideosVC.swift */,
				0413E40026307D3700F5977D /* VideosVC.xib */,
			);
			path = VideosVc;
			sourceTree = "<group>";
		};
		046887BB261E77620056AC92 /* ShowsCell */ = {
			isa = PBXGroup;
			children = (
				046887BC261E77970056AC92 /* ShowesCell.swift */,
				046887BD261E77970056AC92 /* ShowesCell.xib */,
			);
			path = ShowsCell;
			sourceTree = "<group>";
		};
		0482EEAB26164D3800CB4A24 /* Home */ = {
			isa = PBXGroup;
			children = (
				0413E41226307F5E00F5977D /* HomeVc.swift */,
			);
			path = Home;
			sourceTree = "<group>";
		};
		0482EEAC26164D3F00CB4A24 /* Notification */ = {
			isa = PBXGroup;
			children = (
				041427FE26174D76000394CA /* NotificationVc.swift */,
			);
			path = Notification;
			sourceTree = "<group>";
		};
		0482EEAD26164D5200CB4A24 /* Search */ = {
			isa = PBXGroup;
			children = (
				0414280126174D8A000394CA /* SearchVc.swift */,
			);
			path = Search;
			sourceTree = "<group>";
		};
		0482EEAE26164D6100CB4A24 /* Profile */ = {
			isa = PBXGroup;
			children = (
				0414280426174D9D000394CA /* ProfileVc.swift */,
			);
			path = Profile;
			sourceTree = "<group>";
		};
		0488CCDC261213E000E05BEB = {
			isa = PBXGroup;
			children = (
				0488CCE7261213E000E05BEB /* Mad */,
				0488CCE6261213E000E05BEB /* Products */,
				18B8084BDE7DC9AC7033BDE0 /* Pods */,
				5E6F60BD6B0DAB65D7A5962B /* Frameworks */,
			);
			sourceTree = "<group>";
		};
		0488CCE6261213E000E05BEB /* Products */ = {
			isa = PBXGroup;
			children = (
				0488CCE5261213E000E05BEB /* Mad.app */,
			);
			name = Products;
			sourceTree = "<group>";
		};
		0488CCE7261213E000E05BEB /* Mad */ = {
			isa = PBXGroup;
			children = (
				0488CD42261216D600E05BEB /* AppFiles */,
				0488CD372612142B00E05BEB /* Network */,
				0488CD352612142200E05BEB /* Extensions */,
				0488CD342612142000E05BEB /* ViewModel */,
				0488CD332612141C00E05BEB /* Controllers */,
				0488CD322612141700E05BEB /* Resources */,
				0488CD312612141400E05BEB /* Models */,
				0413E4502630A35E00F5977D /* Views */,
				0488CCF1261213E400E05BEB /* Assets.xcassets */,
			);
			path = Mad;
			sourceTree = "<group>";
		};
		0488CD312612141400E05BEB /* Models */ = {
			isa = PBXGroup;
			children = (
				04DEA9DB2620A0B200F843A6 /* AuthModel.swift */,
				04DEA9952620901000F843A6 /* CategeoryModel.swift */,
				04DEA998262090C700F843A6 /* CountryModel.swift */,
				04DEA9D826209FA100F843A6 /* Errors.swift */,
				0460CF6D261D04DD006685B6 /* SplashModel.swift */,
				0451B7622627041F000B3983 /* ProjectsModel.swift */,
				04AD610B2628C52B00ADF0DF /* ImageModel.swift */,
				0413E3A9263051C300F5977D /* ArtistModel.swift */,
			);
			path = Models;
			sourceTree = "<group>";
		};
		0488CD322612141700E05BEB /* Resources */ = {
			isa = PBXGroup;
			children = (
				0488CD3D2612149E00E05BEB /* Localization */,
				0488CD3C2612149B00E05BEB /* Fonts */,
				0488CD3B2612149800E05BEB /* Storyboards */,
			);
			path = Resources;
			sourceTree = "<group>";
		};
		0488CD332612141C00E05BEB /* Controllers */ = {
			isa = PBXGroup;
			children = (
				0482EEAE26164D6100CB4A24 /* Profile */,
				0482EEAD26164D5200CB4A24 /* Search */,
				0482EEAC26164D3F00CB4A24 /* Notification */,
				0413E3E12630731E00F5977D /* BlogsVc */,
				04911C5A261C83D100705A58 /* ProjectsVC */,
				046887B6261E72430056AC92 /* VideosVc */,
				04668760261B6784001D024D /* Artist */,
				04668764261B6A29001D024D /* ProductVc */,
				0482EEAB26164D3800CB4A24 /* Home */,
				042C08272613941600BE1806 /* Auth */,
				04E186F72613616100824E37 /* Splash */,
			);
			path = Controllers;
			sourceTree = "<group>";
		};
		0488CD342612142000E05BEB /* ViewModel */ = {
			isa = PBXGroup;
			children = (
				04DEAA452620BC9500F843A6 /* SplashViewModel.swift */,
				04528E3126149579009868EA /* AuthenticationViewModel.swift */,
				0414286426176BCD000394CA /* HomeViewModel.swift */,
				04668727261B447B001D024D /* AdsViewModel.swift */,
				0413E3AC2630536E00F5977D /* ArtistViewModel.swift */,
			);
			path = ViewModel;
			sourceTree = "<group>";
		};
		0488CD352612142200E05BEB /* Extensions */ = {
			isa = PBXGroup;
			children = (
				04E186F4261360F400824E37 /* StoryBoardExtension.swift */,
				04E1871626136B1600824E37 /* CustomView.swift */,
				042C080D26136B6E00BE1806 /* CustomButtons.swift */,
				042C081026136B9700BE1806 /* CustomDropDown.swift */,
				04528E462614A1FD009868EA /* CustomTextField.swift */,
				04F06AF92614E18D00B08606 /* CustomImageView.swift */,
				0466872A261B5B1C001D024D /* UICollectionView+Extention.swift */,
				04DEAA352620AD0200F843A6 /* UIViewController+Extention.swift */,
				0451B7A8262716E8000B3983 /* ShimmerView.swift */,
				0449A739262F939300604052 /* String+Extention.swift */,
			);
			path = Extensions;
			sourceTree = "<group>";
		};
		0488CD372612142B00E05BEB /* Network */ = {
			isa = PBXGroup;
			children = (
				04528E2B26149443009868EA /* ConfigUrls.swift */,
				04528E2E26149496009868EA /* Helper.swift */,
				04DEA9D52620947100F843A6 /* Authentication.swift */,
				04DEA9CF262093E500F843A6 /* GetServices.swift */,
				04DEA9D22620941C00F843A6 /* AddServices.swift */,
			);
			path = Network;
			sourceTree = "<group>";
		};
		0488CD3B2612149800E05BEB /* Storyboards */ = {
			isa = PBXGroup;
			children = (
				0488CCEE261213E000E05BEB /* Main.storyboard */,
				0449A72E262F396400604052 /* Artist.storyboard */,
				0449A72B262EFE1800604052 /* Home.storyboard */,
				0488CCF3261213E400E05BEB /* LaunchScreen.storyboard */,
				0449A6F2262EF9E100604052 /* Authentication.storyboard */,
			);
			path = Storyboards;
			sourceTree = "<group>";
		};
		0488CD3C2612149B00E05BEB /* Fonts */ = {
			isa = PBXGroup;
			children = (
				04E18711261364AA00824E37 /* Graphik-Black.ttf */,
				04E18713261364AA00824E37 /* Graphik-BlackItalic.ttf */,
				04E18705261364A900824E37 /* Graphik-Bold.ttf */,
				04E18714261364AA00824E37 /* Graphik-BoldItalic.ttf */,
				04E18708261364A900824E37 /* Graphik-Extralight.ttf */,
				04E1870F261364AA00824E37 /* Graphik-ExtralightItalic.ttf */,
				04E18704261364A900824E37 /* Graphik-Light.ttf */,
				04E1870D261364AA00824E37 /* Graphik-LightItalic.ttf */,
				04E1870E261364AA00824E37 /* Graphik-Medium.ttf */,
				04E18710261364AA00824E37 /* Graphik-MediumItalic.ttf */,
				04E1870B261364AA00824E37 /* Graphik-Regular.ttf */,
				04E1870C261364AA00824E37 /* Graphik-RegularItalic.ttf */,
				04E18706261364A900824E37 /* Graphik-Semibold.ttf */,
				04E18703261364A900824E37 /* Graphik-SemiboldItalic.ttf */,
				04E18707261364A900824E37 /* Graphik-Super.ttf */,
				04E1870A261364AA00824E37 /* Graphik-SuperItalic.ttf */,
				04E18709261364AA00824E37 /* Graphik-Thin.ttf */,
				04E18712261364AA00824E37 /* Graphik-ThinItalic.ttf */,
				042C0815261371DE00BE1806 /* Helvetica-Bold-Font.ttf */,
			);
			path = Fonts;
			sourceTree = "<group>";
		};
		0488CD3D2612149E00E05BEB /* Localization */ = {
			isa = PBXGroup;
			children = (
				04528E34261495D0009868EA /* LocalizationTitles.swift */,
			);
			path = Localization;
			sourceTree = "<group>";
		};
		0488CD42261216D600E05BEB /* AppFiles */ = {
			isa = PBXGroup;
			children = (
				0488CCE8261213E000E05BEB /* AppDelegate.swift */,
				0488CCF6261213E400E05BEB /* Info.plist */,
			);
			name = AppFiles;
			sourceTree = "<group>";
		};
		04911C5A261C83D100705A58 /* ProjectsVC */ = {
			isa = PBXGroup;
			children = (
				04AD60AE262866B200ADF0DF /* ProjectDetailsVC */,
				0413E40526307D7300F5977D /* ProjectsVC.swift */,
				0413E40626307D7300F5977D /* ProjectsVC.xib */,
			);
			path = ProjectsVC;
			sourceTree = "<group>";
		};
		04911C66261C99F000705A58 /* SuggestedCell */ = {
			isa = PBXGroup;
			children = (
				04911C67261C9A2900705A58 /* SuggestedCell.swift */,
				04911C68261C9A2900705A58 /* SuggestedCell.xib */,
			);
			path = SuggestedCell;
			sourceTree = "<group>";
		};
		04AD60AE262866B200ADF0DF /* ProjectDetailsVC */ = {
			isa = PBXGroup;
			children = (
				04AD60B1262866E500ADF0DF /* ProjectDetailsVC.swift */,
				04AD60B2262866E500ADF0DF /* ProjectDetailsVC.xib */,
			);
			path = ProjectDetailsVC;
			sourceTree = "<group>";
		};
		04DEAA3E2620B49000F843A6 /* SplashCell */ = {
			isa = PBXGroup;
			children = (
				04DEAA3F2620B4A900F843A6 /* SplashCell.swift */,
				04DEAA402620B4A900F843A6 /* SplashCell.xib */,
			);
			path = SplashCell;
			sourceTree = "<group>";
		};
		04E186F72613616100824E37 /* Splash */ = {
			isa = PBXGroup;
			children = (
				04DEAA3E2620B49000F843A6 /* SplashCell */,
				04DEAA392620B25400F843A6 /* SplashVC.swift */,
				04DEAA3A2620B25400F843A6 /* SplashVC.xib */,
			);
			path = Splash;
			sourceTree = "<group>";
		};
		04F06AC22614C35E00B08606 /* AgeVc */ = {
			isa = PBXGroup;
			children = (
				04F06AC32614C37200B08606 /* AgeVc.swift */,
				04F06AC42614C37200B08606 /* AgeVc.xib */,
			);
			path = AgeVc;
			sourceTree = "<group>";
		};
		04F06AED2614DD3700B08606 /* Categeory */ = {
			isa = PBXGroup;
			children = (
				04F06AF32614E0A500B08606 /* Cell */,
				04F06AEE2614DD5100B08606 /* CategeoryVc.swift */,
				04F06AEF2614DD5100B08606 /* CategeoryVc.xib */,
			);
			path = Categeory;
			sourceTree = "<group>";
		};
		04F06AF32614E0A500B08606 /* Cell */ = {
			isa = PBXGroup;
			children = (
				04F06AF42614E0D600B08606 /* CategeoryCell.swift */,
				04F06AF52614E0D600B08606 /* CategeoryCell.xib */,
			);
			path = Cell;
			sourceTree = "<group>";
		};
		18B8084BDE7DC9AC7033BDE0 /* Pods */ = {
			isa = PBXGroup;
			children = (
				2DB430330E0AB5843CC86F37 /* Pods-Mad.debug.xcconfig */,
				F578A37B5916C20B109CC26C /* Pods-Mad.release.xcconfig */,
			);
			path = Pods;
			sourceTree = "<group>";
		};
		5E6F60BD6B0DAB65D7A5962B /* Frameworks */ = {
			isa = PBXGroup;
			children = (
				04981128261F6BD5008C09D8 /* JJStaggeredGridCollectionView.framework */,
				736F74D20B54C3DE91AB8D69 /* Pods_Mad.framework */,
			);
			name = Frameworks;
			sourceTree = "<group>";
		};
/* End PBXGroup section */

/* Begin PBXNativeTarget section */
		0488CCE4261213E000E05BEB /* Mad */ = {
			isa = PBXNativeTarget;
			buildConfigurationList = 0488CCF9261213E400E05BEB /* Build configuration list for PBXNativeTarget "Mad" */;
			buildPhases = (
				DAF3D17ECAA6F31661CB0CBF /* [CP] Check Pods Manifest.lock */,
				0488CCE1261213E000E05BEB /* Sources */,
				0488CCE2261213E000E05BEB /* Frameworks */,
				0488CCE3261213E000E05BEB /* Resources */,
				865CCDDEB733CB9DC14457E3 /* [CP] Embed Pods Frameworks */,
			);
			buildRules = (
			);
			dependencies = (
			);
			name = Mad;
			productName = Mad;
			productReference = 0488CCE5261213E000E05BEB /* Mad.app */;
			productType = "com.apple.product-type.application";
		};
/* End PBXNativeTarget section */

/* Begin PBXProject section */
		0488CCDD261213E000E05BEB /* Project object */ = {
			isa = PBXProject;
			attributes = {
				LastSwiftUpdateCheck = 1230;
				LastUpgradeCheck = 1230;
				TargetAttributes = {
					0488CCE4261213E000E05BEB = {
						CreatedOnToolsVersion = 12.3;
					};
				};
			};
			buildConfigurationList = 0488CCE0261213E000E05BEB /* Build configuration list for PBXProject "Mad" */;
			compatibilityVersion = "Xcode 9.3";
			developmentRegion = en;
			hasScannedForEncodings = 0;
			knownRegions = (
				en,
				Base,
			);
			mainGroup = 0488CCDC261213E000E05BEB;
			productRefGroup = 0488CCE6261213E000E05BEB /* Products */;
			projectDirPath = "";
			projectRoot = "";
			targets = (
				0488CCE4261213E000E05BEB /* Mad */,
			);
		};
/* End PBXProject section */

/* Begin PBXResourcesBuildPhase section */
		0488CCE3261213E000E05BEB /* Resources */ = {
			isa = PBXResourcesBuildPhase;
			buildActionMask = 2147483647;
			files = (
				04D23EEC2633127800290488 /* Graphik-Bold.ttf in Resources */,
				04D23EED2633127800290488 /* Graphik-Light.ttf in Resources */,
				04D23EEE2633127800290488 /* Graphik-Medium.ttf in Resources */,
				04D23EEF2633127800290488 /* Graphik-Regular.ttf in Resources */,
				04D23EF02633127800290488 /* Graphik-Semibold.ttf in Resources */,
				04D23EEA2633121300290488 /* Graphik-Black.ttf in Resources */,
				0413E40226307D3700F5977D /* VideosVC.xib in Resources */,
				0460CF46261CEC27006685B6 /* ArtistCell.xib in Resources */,
				0488CCF5261213E400E05BEB /* LaunchScreen.storyboard in Resources */,
				04528E4426149915009868EA /* PasswordVc.xib in Resources */,
				043B47D6261DB5B500D67023 /* ForYouCell.xib in Resources */,
				0451FD652617A5B600AEE546 /* TitleCell.xib in Resources */,
				04528E4C2614B54B009868EA /* CreatPasswordVc.xib in Resources */,
				0449A6F3262EF9E100604052 /* Authentication.storyboard in Resources */,
				0449A72C262EFE1800604052 /* Home.storyboard in Resources */,
				0440ECA92636C7C60046681C /* CompetitionCell.xib in Resources */,
				0466871E261B3C32001D024D /* WelcomVc.xib in Resources */,
				04668725261B3F89001D024D /* WelcomeCell.xib in Resources */,
				0451FD8D2617A5D300AEE546 /* ProjectCell.xib in Resources */,
				0449A72F262F396400604052 /* Artist.storyboard in Resources */,
				04911C6A261C9A2900705A58 /* SuggestedCell.xib in Resources */,
				04F06AF72614E0D600B08606 /* CategeoryCell.xib in Resources */,
				0414282E26176074000394CA /* HomeCell.xib in Resources */,
				04528E562614B586009868EA /* NameVc.xib in Resources */,
				04F06AF12614DD5100B08606 /* CategeoryVc.xib in Resources */,
				0488CCF2261213E400E05BEB /* Assets.xcassets in Resources */,
				0414287826177E69000394CA /* LiveCellCVC.xib in Resources */,
				04DEAA422620B4A900F843A6 /* SplashCell.xib in Resources */,
				04528E5C2614B5AE009868EA /* CountryVc.xib in Resources */,
				0488CCF0261213E000E05BEB /* Main.storyboard in Resources */,
				046887BF261E77970056AC92 /* ShowesCell.xib in Resources */,
				04DEAA3C2620B25400F843A6 /* SplashVC.xib in Resources */,
				0413E40E26307DC600F5977D /* ProductsVC.xib in Resources */,
				04AD60B4262866E500ADF0DF /* ProjectDetailsVC.xib in Resources */,
				0413E40826307D7300F5977D /* ProjectsVC.xib in Resources */,
				0413E3F626307C6200F5977D /* BlogsVc.xib in Resources */,
				0413E4192630879700F5977D /* ArtistsVc.xib in Resources */,
				04528E3E26149903009868EA /* EmailVc.xib in Resources */,
				04F06AC62614C37200B08606 /* AgeVc.xib in Resources */,
				04688789261E0E170056AC92 /* VerificationVc.xib in Resources */,
			);
			runOnlyForDeploymentPostprocessing = 0;
		};
/* End PBXResourcesBuildPhase section */

/* Begin PBXShellScriptBuildPhase section */
		865CCDDEB733CB9DC14457E3 /* [CP] Embed Pods Frameworks */ = {
			isa = PBXShellScriptBuildPhase;
			buildActionMask = 2147483647;
			files = (
			);
			inputFileListPaths = (
				"${PODS_ROOT}/Target Support Files/Pods-Mad/Pods-Mad-frameworks-${CONFIGURATION}-input-files.xcfilelist",
			);
			name = "[CP] Embed Pods Frameworks";
			outputFileListPaths = (
				"${PODS_ROOT}/Target Support Files/Pods-Mad/Pods-Mad-frameworks-${CONFIGURATION}-output-files.xcfilelist",
			);
			runOnlyForDeploymentPostprocessing = 0;
			shellPath = /bin/sh;
			shellScript = "\"${PODS_ROOT}/Target Support Files/Pods-Mad/Pods-Mad-frameworks.sh\"\n";
			showEnvVarsInLog = 0;
		};
		DAF3D17ECAA6F31661CB0CBF /* [CP] Check Pods Manifest.lock */ = {
			isa = PBXShellScriptBuildPhase;
			buildActionMask = 2147483647;
			files = (
			);
			inputFileListPaths = (
			);
			inputPaths = (
				"${PODS_PODFILE_DIR_PATH}/Podfile.lock",
				"${PODS_ROOT}/Manifest.lock",
			);
			name = "[CP] Check Pods Manifest.lock";
			outputFileListPaths = (
			);
			outputPaths = (
				"$(DERIVED_FILE_DIR)/Pods-Mad-checkManifestLockResult.txt",
			);
			runOnlyForDeploymentPostprocessing = 0;
			shellPath = /bin/sh;
			shellScript = "diff \"${PODS_PODFILE_DIR_PATH}/Podfile.lock\" \"${PODS_ROOT}/Manifest.lock\" > /dev/null\nif [ $? != 0 ] ; then\n    # print error to STDERR\n    echo \"error: The sandbox is not in sync with the Podfile.lock. Run 'pod install' or update your CocoaPods installation.\" >&2\n    exit 1\nfi\n# This output is used by Xcode 'outputs' to avoid re-running this script phase.\necho \"SUCCESS\" > \"${SCRIPT_OUTPUT_FILE_0}\"\n";
			showEnvVarsInLog = 0;
		};
/* End PBXShellScriptBuildPhase section */

/* Begin PBXSourcesBuildPhase section */
		0488CCE1261213E000E05BEB /* Sources */ = {
			isa = PBXSourcesBuildPhase;
			buildActionMask = 2147483647;
			files = (
				04668724261B3F89001D024D /* WelcomeCell.swift in Sources */,
				04DEAA362620AD0200F843A6 /* UIViewController+Extention.swift in Sources */,
				0460CF45261CEC27006685B6 /* ArtistCell.swift in Sources */,
				0414280226174D8A000394CA /* SearchVc.swift in Sources */,
				04528E3226149579009868EA /* AuthenticationViewModel.swift in Sources */,
				0413E4182630879700F5977D /* ArtistsVc.swift in Sources */,
				04F06AFA2614E18D00B08606 /* CustomImageView.swift in Sources */,
				04528E4B2614B54B009868EA /* CreatPasswordVc.swift in Sources */,
				0414282D26176074000394CA /* HomeCell.swift in Sources */,
				0451B7632627041F000B3983 /* ProjectsModel.swift in Sources */,
				0414280526174D9D000394CA /* ProfileVc.swift in Sources */,
				04E1871726136B1600824E37 /* CustomView.swift in Sources */,
				04528E552614B586009868EA /* NameVc.swift in Sources */,
				0449A73A262F939300604052 /* String+Extention.swift in Sources */,
				0413E40726307D7300F5977D /* ProjectsVC.swift in Sources */,
				0440ECA82636C7C60046681C /* CompetitionCell.swift in Sources */,
				04DEAA462620BC9500F843A6 /* SplashViewModel.swift in Sources */,
				042C082A2613943900BE1806 /* LoadingLoginVc.swift in Sources */,
				042C081126136B9700BE1806 /* CustomDropDown.swift in Sources */,
				0413E3AD2630536E00F5977D /* ArtistViewModel.swift in Sources */,
				04DEA9D0262093E500F843A6 /* GetServices.swift in Sources */,
				0451FD8C2617A5D300AEE546 /* ProjectCell.swift in Sources */,
				04AD610C2628C52B00ADF0DF /* ImageModel.swift in Sources */,
				0451FD642617A5B600AEE546 /* TitleCell.swift in Sources */,
				0413E3F526307C6200F5977D /* BlogsVc.swift in Sources */,
				0413E40D26307DC600F5977D /* ProductsVC.swift in Sources */,
				0413E3AA263051C300F5977D /* ArtistModel.swift in Sources */,
				0466872B261B5B1C001D024D /* UICollectionView+Extention.swift in Sources */,
				04528E3D26149903009868EA /* EmailVc.swift in Sources */,
				04DEA9962620901000F843A6 /* CategeoryModel.swift in Sources */,
				04528E4326149915009868EA /* PasswordVc.swift in Sources */,
				04668728261B447B001D024D /* AdsViewModel.swift in Sources */,
				04DEAA3B2620B25400F843A6 /* SplashVC.swift in Sources */,
				04DEA999262090C700F843A6 /* CountryModel.swift in Sources */,
				0466871D261B3C32001D024D /* WelcomVc.swift in Sources */,
				04528E472614A1FD009868EA /* CustomTextField.swift in Sources */,
				0449A736262F477700604052 /* ArtistProjectsVc.swift in Sources */,
				04528E5B2614B5AE009868EA /* CountryVc.swift in Sources */,
				04D23EE526330D9B00290488 /* CompetitionsVc.swift in Sources */,
				04DEA9D32620941C00F843A6 /* AddServices.swift in Sources */,
				04F06AF02614DD5100B08606 /* CategeoryVc.swift in Sources */,
				0488CCE9261213E000E05BEB /* AppDelegate.swift in Sources */,
				04D23EE826330DBA00290488 /* ArtistProductsVc.swift in Sources */,
				04688788261E0E170056AC92 /* VerificationVc.swift in Sources */,
				04E186F5261360F400824E37 /* StoryBoardExtension.swift in Sources */,
				0413E41326307F5E00F5977D /* HomeVc.swift in Sources */,
				04DEA9D926209FA100F843A6 /* Errors.swift in Sources */,
				04528E2C26149443009868EA /* ConfigUrls.swift in Sources */,
				043B47D5261DB5B500D67023 /* ForYouCell.swift in Sources */,
				0413E40126307D3700F5977D /* VideosVC.swift in Sources */,
				04DEA9D62620947100F843A6 /* Authentication.swift in Sources */,
				041427FF26174D76000394CA /* NotificationVc.swift in Sources */,
				04528E35261495D0009868EA /* LocalizationTitles.swift in Sources */,
				042C080E26136B6E00BE1806 /* CustomButtons.swift in Sources */,
				046887BE261E77970056AC92 /* ShowesCell.swift in Sources */,
				0451B7A9262716E8000B3983 /* ShimmerView.swift in Sources */,
				04D23EC9263306B500290488 /* ContainerVC.swift in Sources */,
				0414287726177E69000394CA /* LiveCellCVC.swift in Sources */,
				04911C69261C9A2900705A58 /* SuggestedCell.swift in Sources */,
				04F06AC52614C37200B08606 /* AgeVc.swift in Sources */,
				04D23EE226330D7700290488 /* AboutVc.swift in Sources */,
				04F06AF62614E0D600B08606 /* CategeoryCell.swift in Sources */,
				0460CF6E261D04DD006685B6 /* SplashModel.swift in Sources */,
				04AD60B3262866E500ADF0DF /* ProjectDetailsVC.swift in Sources */,
				04528E2F26149496009868EA /* Helper.swift in Sources */,
				0414286526176BCD000394CA /* HomeViewModel.swift in Sources */,
				04DEAA412620B4A900F843A6 /* SplashCell.swift in Sources */,
				04DEA9DC2620A0B200F843A6 /* AuthModel.swift in Sources */,
				0449A733262F39C800604052 /* ArtistProfileVc.swift in Sources */,
			);
			runOnlyForDeploymentPostprocessing = 0;
		};
/* End PBXSourcesBuildPhase section */

/* Begin PBXVariantGroup section */
		0488CCEE261213E000E05BEB /* Main.storyboard */ = {
			isa = PBXVariantGroup;
			children = (
				0488CCEF261213E000E05BEB /* Base */,
			);
			name = Main.storyboard;
			sourceTree = "<group>";
		};
		0488CCF3261213E400E05BEB /* LaunchScreen.storyboard */ = {
			isa = PBXVariantGroup;
			children = (
				0488CCF4261213E400E05BEB /* Base */,
			);
			name = LaunchScreen.storyboard;
			sourceTree = "<group>";
		};
/* End PBXVariantGroup section */

/* Begin XCBuildConfiguration section */
		0488CCF7261213E400E05BEB /* Debug */ = {
			isa = XCBuildConfiguration;
			buildSettings = {
				ALWAYS_SEARCH_USER_PATHS = NO;
				CLANG_ANALYZER_NONNULL = YES;
				CLANG_ANALYZER_NUMBER_OBJECT_CONVERSION = YES_AGGRESSIVE;
				CLANG_CXX_LANGUAGE_STANDARD = "gnu++14";
				CLANG_CXX_LIBRARY = "libc++";
				CLANG_ENABLE_MODULES = YES;
				CLANG_ENABLE_OBJC_ARC = YES;
				CLANG_ENABLE_OBJC_WEAK = YES;
				CLANG_WARN_BLOCK_CAPTURE_AUTORELEASING = YES;
				CLANG_WARN_BOOL_CONVERSION = YES;
				CLANG_WARN_COMMA = YES;
				CLANG_WARN_CONSTANT_CONVERSION = YES;
				CLANG_WARN_DEPRECATED_OBJC_IMPLEMENTATIONS = YES;
				CLANG_WARN_DIRECT_OBJC_ISA_USAGE = YES_ERROR;
				CLANG_WARN_DOCUMENTATION_COMMENTS = YES;
				CLANG_WARN_EMPTY_BODY = YES;
				CLANG_WARN_ENUM_CONVERSION = YES;
				CLANG_WARN_INFINITE_RECURSION = YES;
				CLANG_WARN_INT_CONVERSION = YES;
				CLANG_WARN_NON_LITERAL_NULL_CONVERSION = YES;
				CLANG_WARN_OBJC_IMPLICIT_RETAIN_SELF = YES;
				CLANG_WARN_OBJC_LITERAL_CONVERSION = YES;
				CLANG_WARN_OBJC_ROOT_CLASS = YES_ERROR;
				CLANG_WARN_QUOTED_INCLUDE_IN_FRAMEWORK_HEADER = YES;
				CLANG_WARN_RANGE_LOOP_ANALYSIS = YES;
				CLANG_WARN_STRICT_PROTOTYPES = YES;
				CLANG_WARN_SUSPICIOUS_MOVE = YES;
				CLANG_WARN_UNGUARDED_AVAILABILITY = YES_AGGRESSIVE;
				CLANG_WARN_UNREACHABLE_CODE = YES;
				CLANG_WARN__DUPLICATE_METHOD_MATCH = YES;
				COPY_PHASE_STRIP = NO;
				DEBUG_INFORMATION_FORMAT = dwarf;
				ENABLE_STRICT_OBJC_MSGSEND = YES;
				ENABLE_TESTABILITY = YES;
				GCC_C_LANGUAGE_STANDARD = gnu11;
				GCC_DYNAMIC_NO_PIC = NO;
				GCC_NO_COMMON_BLOCKS = YES;
				GCC_OPTIMIZATION_LEVEL = 0;
				GCC_PREPROCESSOR_DEFINITIONS = (
					"DEBUG=1",
					"$(inherited)",
				);
				GCC_WARN_64_TO_32_BIT_CONVERSION = YES;
				GCC_WARN_ABOUT_RETURN_TYPE = YES_ERROR;
				GCC_WARN_UNDECLARED_SELECTOR = YES;
				GCC_WARN_UNINITIALIZED_AUTOS = YES_AGGRESSIVE;
				GCC_WARN_UNUSED_FUNCTION = YES;
				GCC_WARN_UNUSED_VARIABLE = YES;
				IPHONEOS_DEPLOYMENT_TARGET = 14.3;
				MTL_ENABLE_DEBUG_INFO = INCLUDE_SOURCE;
				MTL_FAST_MATH = YES;
				ONLY_ACTIVE_ARCH = YES;
				SDKROOT = iphoneos;
				SWIFT_ACTIVE_COMPILATION_CONDITIONS = DEBUG;
				SWIFT_OPTIMIZATION_LEVEL = "-Onone";
			};
			name = Debug;
		};
		0488CCF8261213E400E05BEB /* Release */ = {
			isa = XCBuildConfiguration;
			buildSettings = {
				ALWAYS_SEARCH_USER_PATHS = NO;
				CLANG_ANALYZER_NONNULL = YES;
				CLANG_ANALYZER_NUMBER_OBJECT_CONVERSION = YES_AGGRESSIVE;
				CLANG_CXX_LANGUAGE_STANDARD = "gnu++14";
				CLANG_CXX_LIBRARY = "libc++";
				CLANG_ENABLE_MODULES = YES;
				CLANG_ENABLE_OBJC_ARC = YES;
				CLANG_ENABLE_OBJC_WEAK = YES;
				CLANG_WARN_BLOCK_CAPTURE_AUTORELEASING = YES;
				CLANG_WARN_BOOL_CONVERSION = YES;
				CLANG_WARN_COMMA = YES;
				CLANG_WARN_CONSTANT_CONVERSION = YES;
				CLANG_WARN_DEPRECATED_OBJC_IMPLEMENTATIONS = YES;
				CLANG_WARN_DIRECT_OBJC_ISA_USAGE = YES_ERROR;
				CLANG_WARN_DOCUMENTATION_COMMENTS = YES;
				CLANG_WARN_EMPTY_BODY = YES;
				CLANG_WARN_ENUM_CONVERSION = YES;
				CLANG_WARN_INFINITE_RECURSION = YES;
				CLANG_WARN_INT_CONVERSION = YES;
				CLANG_WARN_NON_LITERAL_NULL_CONVERSION = YES;
				CLANG_WARN_OBJC_IMPLICIT_RETAIN_SELF = YES;
				CLANG_WARN_OBJC_LITERAL_CONVERSION = YES;
				CLANG_WARN_OBJC_ROOT_CLASS = YES_ERROR;
				CLANG_WARN_QUOTED_INCLUDE_IN_FRAMEWORK_HEADER = YES;
				CLANG_WARN_RANGE_LOOP_ANALYSIS = YES;
				CLANG_WARN_STRICT_PROTOTYPES = YES;
				CLANG_WARN_SUSPICIOUS_MOVE = YES;
				CLANG_WARN_UNGUARDED_AVAILABILITY = YES_AGGRESSIVE;
				CLANG_WARN_UNREACHABLE_CODE = YES;
				CLANG_WARN__DUPLICATE_METHOD_MATCH = YES;
				COPY_PHASE_STRIP = NO;
				DEBUG_INFORMATION_FORMAT = "dwarf-with-dsym";
				ENABLE_NS_ASSERTIONS = NO;
				ENABLE_STRICT_OBJC_MSGSEND = YES;
				GCC_C_LANGUAGE_STANDARD = gnu11;
				GCC_NO_COMMON_BLOCKS = YES;
				GCC_WARN_64_TO_32_BIT_CONVERSION = YES;
				GCC_WARN_ABOUT_RETURN_TYPE = YES_ERROR;
				GCC_WARN_UNDECLARED_SELECTOR = YES;
				GCC_WARN_UNINITIALIZED_AUTOS = YES_AGGRESSIVE;
				GCC_WARN_UNUSED_FUNCTION = YES;
				GCC_WARN_UNUSED_VARIABLE = YES;
				IPHONEOS_DEPLOYMENT_TARGET = 14.3;
				MTL_ENABLE_DEBUG_INFO = NO;
				MTL_FAST_MATH = YES;
				SDKROOT = iphoneos;
				SWIFT_COMPILATION_MODE = wholemodule;
				SWIFT_OPTIMIZATION_LEVEL = "-O";
				VALIDATE_PRODUCT = YES;
			};
			name = Release;
		};
		0488CCFA261213E400E05BEB /* Debug */ = {
			isa = XCBuildConfiguration;
			baseConfigurationReference = 2DB430330E0AB5843CC86F37 /* Pods-Mad.debug.xcconfig */;
			buildSettings = {
				ASSETCATALOG_COMPILER_APPICON_NAME = AppIcon;
				ASSETCATALOG_COMPILER_GLOBAL_ACCENT_COLOR_NAME = AccentColor;
				CODE_SIGN_STYLE = Automatic;
				DEVELOPMENT_TEAM = UK3S3D6VYH;
				INFOPLIST_FILE = Mad/Info.plist;
				IPHONEOS_DEPLOYMENT_TARGET = 13.0;
				LD_RUNPATH_SEARCH_PATHS = (
					"$(inherited)",
					"@executable_path/Frameworks",
				);
				PRODUCT_BUNDLE_IDENTIFIER = "hazemhanna99-yahoo.com.Mad";
				PRODUCT_NAME = "$(TARGET_NAME)";
				SWIFT_VERSION = 5.0;
				TARGETED_DEVICE_FAMILY = "1,2";
			};
			name = Debug;
		};
		0488CCFB261213E400E05BEB /* Release */ = {
			isa = XCBuildConfiguration;
			baseConfigurationReference = F578A37B5916C20B109CC26C /* Pods-Mad.release.xcconfig */;
			buildSettings = {
				ASSETCATALOG_COMPILER_APPICON_NAME = AppIcon;
				ASSETCATALOG_COMPILER_GLOBAL_ACCENT_COLOR_NAME = AccentColor;
				CODE_SIGN_STYLE = Automatic;
				DEVELOPMENT_TEAM = UK3S3D6VYH;
				INFOPLIST_FILE = Mad/Info.plist;
				IPHONEOS_DEPLOYMENT_TARGET = 13.0;
				LD_RUNPATH_SEARCH_PATHS = (
					"$(inherited)",
					"@executable_path/Frameworks",
				);
				PRODUCT_BUNDLE_IDENTIFIER = "hazemhanna99-yahoo.com.Mad";
				PRODUCT_NAME = "$(TARGET_NAME)";
				SWIFT_VERSION = 5.0;
				TARGETED_DEVICE_FAMILY = "1,2";
			};
			name = Release;
		};
/* End XCBuildConfiguration section */

/* Begin XCConfigurationList section */
		0488CCE0261213E000E05BEB /* Build configuration list for PBXProject "Mad" */ = {
			isa = XCConfigurationList;
			buildConfigurations = (
				0488CCF7261213E400E05BEB /* Debug */,
				0488CCF8261213E400E05BEB /* Release */,
			);
			defaultConfigurationIsVisible = 0;
			defaultConfigurationName = Release;
		};
		0488CCF9261213E400E05BEB /* Build configuration list for PBXNativeTarget "Mad" */ = {
			isa = XCConfigurationList;
			buildConfigurations = (
				0488CCFA261213E400E05BEB /* Debug */,
				0488CCFB261213E400E05BEB /* Release */,
			);
			defaultConfigurationIsVisible = 0;
			defaultConfigurationName = Release;
		};
/* End XCConfigurationList section */
	};
	rootObject = 0488CCDD261213E000E05BEB /* Project object */;
}
